
Microsoft Visual Studio Solution File, Format Version 12.00
# Visual Studio Version 17
VisualStudioVersion = 17.3.32811.315
MinimumVisualStudioVersion = 10.0.40219.1
Project("{8BC9CEB8-8B4A-11D0-8D11-00A0C91BC942}") = "GameJamTemplate", "GameJamTemplate\GameJamTemplate.vcxproj", "{01DBCC5C-DA0E-43B7-B7BD-EF465CB12031}"
EndProject
Global
	GlobalSection(SolutionConfigurationPlatforms) = preSolution
		Debug|x64 = Debug|x64
		Debug|x86 = Debug|x86
		Release|x64 = Release|x64
		Release|x86 = Release|x86
	EndGlobalSection
	GlobalSection(ProjectConfigurationPlatforms) = postSolution
		{01DBCC5C-DA0E-43B7-B7BD-EF465CB12031}.Debug|x64.ActiveCfg = Debug|x64
		{01DBCC5C-DA0E-43B7-B7BD-EF465CB12031}.Debug|x64.Build.0 = Debug|x64
		{01DBCC5C-DA0E-43B7-B7BD-EF465CB12031}.Debug|x86.ActiveCfg = Debug|Win32
		{01DBCC5C-DA0E-43B7-B7BD-EF465CB12031}.Debug|x86.Build.0 = Debug|Win32
		{01DBCC5C-DA0E-43B7-B7BD-EF465CB12031}.Release|x64.ActiveCfg = Release|x64
		{01DBCC5C-DA0E-43B7-B7BD-EF465CB12031}.Release|x64.Build.0 = Release|x64
		{01DBCC5C-DA0E-43B7-B7BD-EF465CB12031}.Release|x86.ActiveCfg = Release|Win32
		{01DBCC5C-DA0E-43B7-B7BD-EF465CB12031}.Release|x86.Build.0 = Release|Win32
	EndGlobalSection
	GlobalSection(SolutionProperties) = preSolution
		HideSolutionNode = FALSE
	EndGlobalSection
	GlobalSection(ExtensibilityGlobals) = postSolution
		SolutionGuid = {5B083FEF-3D80-47B8-9A3D-04B7D76ABC4E}
	EndGlobalSection
EndGlobal
